
Microsoft Visual Studio Solution File, Format Version 12.00
# Visual Studio Version 17
VisualStudioVersion = 17.3.32901.215
MinimumVisualStudioVersion = 10.0.40219.1
Project("{9A19103F-16F7-4668-BE54-9A1E7A4F7556}") = "WebAPI", "Service.MangaOnline\WebAPI.csproj", "{88D1A121-DBED-4304-99FE-D8E45F451C3B}"
EndProject
Project("{9A19103F-16F7-4668-BE54-9A1E7A4F7556}") = "ClientWebMVC", "Client.Manager\ClientWebMVC.csproj", "{7B0F9519-4D21-4C8A-B242-2A83BACC33F9}"
EndProject
Project("{9A19103F-16F7-4668-BE54-9A1E7A4F7556}") = "Service.Schedule", "Service.Schedule\Service.Schedule.csproj", "{67B9C76F-FAF8-41CA-937B-207B62A44D3A}"
EndProject
Project("{9A19103F-16F7-4668-BE54-9A1E7A4F7556}") = "BusinessObject", "BusinessObject\BusinessObject.csproj", "{33432EAD-093B-4C02-BBAB-A71352C88BCA}"
EndProject
Global
	GlobalSection(SolutionConfigurationPlatforms) = preSolution
		Debug|Any CPU = Debug|Any CPU
		Release|Any CPU = Release|Any CPU
	EndGlobalSection
	GlobalSection(ProjectConfigurationPlatforms) = postSolution
		{88D1A121-DBED-4304-99FE-D8E45F451C3B}.Debug|Any CPU.ActiveCfg = Debug|Any CPU
		{88D1A121-DBED-4304-99FE-D8E45F451C3B}.Debug|Any CPU.Build.0 = Debug|Any CPU
		{88D1A121-DBED-4304-99FE-D8E45F451C3B}.Release|Any CPU.ActiveCfg = Release|Any CPU
		{88D1A121-DBED-4304-99FE-D8E45F451C3B}.Release|Any CPU.Build.0 = Release|Any CPU
		{7B0F9519-4D21-4C8A-B242-2A83BACC33F9}.Debug|Any CPU.ActiveCfg = Debug|Any CPU
		{7B0F9519-4D21-4C8A-B242-2A83BACC33F9}.Debug|Any CPU.Build.0 = Debug|Any CPU
		{7B0F9519-4D21-4C8A-B242-2A83BACC33F9}.Release|Any CPU.ActiveCfg = Release|Any CPU
		{7B0F9519-4D21-4C8A-B242-2A83BACC33F9}.Release|Any CPU.Build.0 = Release|Any CPU
		{67B9C76F-FAF8-41CA-937B-207B62A44D3A}.Debug|Any CPU.ActiveCfg = Debug|Any CPU
		{67B9C76F-FAF8-41CA-937B-207B62A44D3A}.Debug|Any CPU.Build.0 = Debug|Any CPU
		{67B9C76F-FAF8-41CA-937B-207B62A44D3A}.Release|Any CPU.ActiveCfg = Release|Any CPU
		{67B9C76F-FAF8-41CA-937B-207B62A44D3A}.Release|Any CPU.Build.0 = Release|Any CPU
		{33432EAD-093B-4C02-BBAB-A71352C88BCA}.Debug|Any CPU.ActiveCfg = Debug|Any CPU
		{33432EAD-093B-4C02-BBAB-A71352C88BCA}.Debug|Any CPU.Build.0 = Debug|Any CPU
		{33432EAD-093B-4C02-BBAB-A71352C88BCA}.Release|Any CPU.ActiveCfg = Release|Any CPU
		{33432EAD-093B-4C02-BBAB-A71352C88BCA}.Release|Any CPU.Build.0 = Release|Any CPU
	EndGlobalSection
	GlobalSection(SolutionProperties) = preSolution
		HideSolutionNode = FALSE
	EndGlobalSection
	GlobalSection(ExtensibilityGlobals) = postSolution
		SolutionGuid = {A1CCE792-0B5E-4AE1-9F30-BE0DAE37F1CD}
	EndGlobalSection
EndGlobal
